
Microsoft Visual Studio Solution File, Format Version 12.00
# Visual Studio Version 17
VisualStudioVersion = 17.3.32929.385
MinimumVisualStudioVersion = 10.0.40219.1
Project("{9A19103F-16F7-4668-BE54-9A1E7A4F7556}") = "AssociationCRMDawanPoe", "AssociationCRMDawanPoe.csproj", "{D95DA021-0220-4255-BC1D-453A42E8886A}"
EndProject
Project("{FAE04EC0-301F-11D3-BF4B-00C04F79EFBC}") = "WinFormsApp1", "..\WinFormsApp1\WinFormsApp1.csproj", "{38C2C4A8-6136-4DD3-B751-E8A70438D698}"
EndProject
Global
	GlobalSection(SolutionConfigurationPlatforms) = preSolution
		Debug|Any CPU = Debug|Any CPU
		Release|Any CPU = Release|Any CPU
	EndGlobalSection
	GlobalSection(ProjectConfigurationPlatforms) = postSolution
		{D95DA021-0220-4255-BC1D-453A42E8886A}.Debug|Any CPU.ActiveCfg = Debug|Any CPU
		{D95DA021-0220-4255-BC1D-453A42E8886A}.Debug|Any CPU.Build.0 = Debug|Any CPU
		{D95DA021-0220-4255-BC1D-453A42E8886A}.Release|Any CPU.ActiveCfg = Release|Any CPU
		{D95DA021-0220-4255-BC1D-453A42E8886A}.Release|Any CPU.Build.0 = Release|Any CPU
		{38C2C4A8-6136-4DD3-B751-E8A70438D698}.Debug|Any CPU.ActiveCfg = Debug|Any CPU
		{38C2C4A8-6136-4DD3-B751-E8A70438D698}.Debug|Any CPU.Build.0 = Debug|Any CPU
		{38C2C4A8-6136-4DD3-B751-E8A70438D698}.Release|Any CPU.ActiveCfg = Release|Any CPU
		{38C2C4A8-6136-4DD3-B751-E8A70438D698}.Release|Any CPU.Build.0 = Release|Any CPU
	EndGlobalSection
	GlobalSection(SolutionProperties) = preSolution
		HideSolutionNode = FALSE
	EndGlobalSection
	GlobalSection(ExtensibilityGlobals) = postSolution
		SolutionGuid = {EF701AEF-6D88-4010-8EB4-BF9A2ED905D2}
	EndGlobalSection
EndGlobal
